{
  "name": "jensklemets.com",
  "version": "1.0.0",
  "lockfileVersion": 1,
  "requires": true,
  "dependencies": {
    "angular": {
      "version": "1.6.6",
      "resolved": "https://registry.npmjs.org/angular/-/angular-1.6.6.tgz",
      "integrity": "sha1-/Vo8+0N844LYVO4BEgeXl4Uny2Q="
    },
    "angular-lazy-loader": {
      "version": "2.1.0",
      "resolved": "https://registry.npmjs.org/angular-lazy-loader/-/angular-lazy-loader-2.1.0.tgz",
      "integrity": "sha1-3tM0mUteMWpTpv0UEd35QusOiz8="
    },
    "angular-route": {
      "version": "1.6.6",
      "resolved": "https://registry.npmjs.org/angular-route/-/angular-route-1.6.6.tgz",
      "integrity": "sha1-jBF0iqGVxxexthWn50ZEK/x8YfQ="
    },
    "angular-sanitize": {
      "version": "1.6.6",
      "resolved": "https://registry.npmjs.org/angular-sanitize/-/angular-sanitize-1.6.6.tgz",
      "integrity": "sha1-D9BloZkxUX++zmZZbTJdcrbgYEE="
    },
    "materialize-css": {
      "version": "0.100.2",
      "resolved": "https://registry.npmjs.org/materialize-css/-/materialize-css-0.100.2.tgz",
      "integrity": "sha1-nKMrJJBMmgRJH8fQoulALnsdrgc=",
      "requires": {
        "hammerjs": "2.0.8",
        "jquery": "3.2.1"
      },
      "dependencies": {
        "hammerjs": {
          "version": "2.0.8",
          "resolved": "https://registry.npmjs.org/hammerjs/-/hammerjs-2.0.8.tgz",
          "integrity": "sha1-BO93hiz/K7edMPdpIJWTAiK/YPE="
        },
        "jquery": {
          "version": "3.2.1",
          "resolved": "https://registry.npmjs.org/jquery/-/jquery-3.2.1.tgz",
          "integrity": "sha1-XE2d5lKvbNCncBVKYxu6ErAVx4c="
        }
      }
    }
  }
}
